// !$*UTF8*$!
{
	archiveVersion = 1;
	classes = {
	};
	objectVersion = 55;
	objects = {

/* Begin PBXBuildFile section */
		2B70B8F028D016220096C854 /* AppDelegate.swift in Sources */ = {isa = PBXBuildFile; fileRef = 2B70B8EF28D016220096C854 /* AppDelegate.swift */; };
		2B70B8F228D016220096C854 /* SceneDelegate.swift in Sources */ = {isa = PBXBuildFile; fileRef = 2B70B8F128D016220096C854 /* SceneDelegate.swift */; };
		2B70B8F428D016220096C854 /* MoviesViewController.swift in Sources */ = {isa = PBXBuildFile; fileRef = 2B70B8F328D016220096C854 /* MoviesViewController.swift */; };
		2B70B8F728D016220096C854 /* Main.storyboard in Resources */ = {isa = PBXBuildFile; fileRef = 2B70B8F528D016220096C854 /* Main.storyboard */; };
		2B70B8FA28D016220096C854 /* Flix.xcdatamodeld in Sources */ = {isa = PBXBuildFile; fileRef = 2B70B8F828D016220096C854 /* Flix.xcdatamodeld */; };
		2B70B8FC28D016250096C854 /* Assets.xcassets in Resources */ = {isa = PBXBuildFile; fileRef = 2B70B8FB28D016250096C854 /* Assets.xcassets */; };
		2B70B8FF28D016250096C854 /* LaunchScreen.storyboard in Resources */ = {isa = PBXBuildFile; fileRef = 2B70B8FD28D016250096C854 /* LaunchScreen.storyboard */; };
		2B70B90A28D016260096C854 /* FlixTests.swift in Sources */ = {isa = PBXBuildFile; fileRef = 2B70B90928D016260096C854 /* FlixTests.swift */; };
		2B70B91428D016260096C854 /* FlixUITests.swift in Sources */ = {isa = PBXBuildFile; fileRef = 2B70B91328D016260096C854 /* FlixUITests.swift */; };
		2B70B91628D016260096C854 /* FlixUITestsLaunchTests.swift in Sources */ = {isa = PBXBuildFile; fileRef = 2B70B91528D016260096C854 /* FlixUITestsLaunchTests.swift */; };
		2B70B92328D02AF70096C854 /* MovieCell.swift in Sources */ = {isa = PBXBuildFile; fileRef = 2B70B92228D02AF70096C854 /* MovieCell.swift */; };
		2B70B92628D035450096C854 /* AlamofireImage in Frameworks */ = {isa = PBXBuildFile; productRef = 2B70B92528D035450096C854 /* AlamofireImage */; };
		2B851B1928D1773800D86053 /* MovieDetailsViewController.swift in Sources */ = {isa = PBXBuildFile; fileRef = 2B851B1828D1773800D86053 /* MovieDetailsViewController.swift */; };
		36A39637C4FB2F2D2931883B /* Pods_FlixTests.framework in Frameworks */ = {isa = PBXBuildFile; fileRef = F77B638403B10C68E373BF15 /* Pods_FlixTests.framework */; };
		4EAB49A62DD570EAD19C90BE /* Pods_Flix_FlixUITests.framework in Frameworks */ = {isa = PBXBuildFile; fileRef = EBD52B6A363E0F57B9A37E43 /* Pods_Flix_FlixUITests.framework */; };
		5C31A0214BE8475B4E16BF27 /* Pods_Flix.framework in Frameworks */ = {isa = PBXBuildFile; fileRef = EABF05F87723F199616BCFA9 /* Pods_Flix.framework */; };
/* End PBXBuildFile section */

/* Begin PBXContainerItemProxy section */
		2B70B90628D016260096C854 /* PBXContainerItemProxy */ = {
			isa = PBXContainerItemProxy;
			containerPortal = 2B70B8E428D016220096C854 /* Project object */;
			proxyType = 1;
			remoteGlobalIDString = 2B70B8EB28D016220096C854;
			remoteInfo = Flix;
		};
		2B70B91028D016260096C854 /* PBXContainerItemProxy */ = {
			isa = PBXContainerItemProxy;
			containerPortal = 2B70B8E428D016220096C854 /* Project object */;
			proxyType = 1;
			remoteGlobalIDString = 2B70B8EB28D016220096C854;
			remoteInfo = Flix;
		};
/* End PBXContainerItemProxy section */

/* Begin PBXFileReference section */
		23842B4AF02767B8589E8D38 /* Pods-Flix-FlixUITests.release.xcconfig */ = {isa = PBXFileReference; includeInIndex = 1; lastKnownFileType = text.xcconfig; name = "Pods-Flix-FlixUITests.release.xcconfig"; path = "Target Support Files/Pods-Flix-FlixUITests/Pods-Flix-FlixUITests.release.xcconfig"; sourceTree = "<group>"; };
		2B70B8EC28D016220096C854 /* Flix.app */ = {isa = PBXFileReference; explicitFileType = wrapper.application; includeInIndex = 0; path = Flix.app; sourceTree = BUILT_PRODUCTS_DIR; };
		2B70B8EF28D016220096C854 /* AppDelegate.swift */ = {isa = PBXFileReference; lastKnownFileType = sourcecode.swift; path = AppDelegate.swift; sourceTree = "<group>"; };
		2B70B8F128D016220096C854 /* SceneDelegate.swift */ = {isa = PBXFileReference; lastKnownFileType = sourcecode.swift; path = SceneDelegate.swift; sourceTree = "<group>"; };
		2B70B8F328D016220096C854 /* MoviesViewController.swift */ = {isa = PBXFileReference; lastKnownFileType = sourcecode.swift; path = MoviesViewController.swift; sourceTree = "<group>"; };
		2B70B8F628D016220096C854 /* Base */ = {isa = PBXFileReference; lastKnownFileType = file.storyboard; name = Base; path = Base.lproj/Main.storyboard; sourceTree = "<group>"; };
		2B70B8F928D016220096C854 /* Flix.xcdatamodel */ = {isa = PBXFileReference; lastKnownFileType = wrapper.xcdatamodel; path = Flix.xcdatamodel; sourceTree = "<group>"; };
		2B70B8FB28D016250096C854 /* Assets.xcassets */ = {isa = PBXFileReference; lastKnownFileType = folder.assetcatalog; path = Assets.xcassets; sourceTree = "<group>"; };
		2B70B8FE28D016250096C854 /* Base */ = {isa = PBXFileReference; lastKnownFileType = file.storyboard; name = Base; path = Base.lproj/LaunchScreen.storyboard; sourceTree = "<group>"; };
		2B70B90028D016250096C854 /* Info.plist */ = {isa = PBXFileReference; lastKnownFileType = text.plist.xml; path = Info.plist; sourceTree = "<group>"; };
		2B70B90528D016260096C854 /* FlixTests.xctest */ = {isa = PBXFileReference; explicitFileType = wrapper.cfbundle; includeInIndex = 0; path = FlixTests.xctest; sourceTree = BUILT_PRODUCTS_DIR; };
		2B70B90928D016260096C854 /* FlixTests.swift */ = {isa = PBXFileReference; lastKnownFileType = sourcecode.swift; path = FlixTests.swift; sourceTree = "<group>"; };
		2B70B90F28D016260096C854 /* FlixUITests.xctest */ = {isa = PBXFileReference; explicitFileType = wrapper.cfbundle; includeInIndex = 0; path = FlixUITests.xctest; sourceTree = BUILT_PRODUCTS_DIR; };
		2B70B91328D016260096C854 /* FlixUITests.swift */ = {isa = PBXFileReference; lastKnownFileType = sourcecode.swift; path = FlixUITests.swift; sourceTree = "<group>"; };
		2B70B91528D016260096C854 /* FlixUITestsLaunchTests.swift */ = {isa = PBXFileReference; lastKnownFileType = sourcecode.swift; path = FlixUITestsLaunchTests.swift; sourceTree = "<group>"; };
		2B70B92228D02AF70096C854 /* MovieCell.swift */ = {isa = PBXFileReference; lastKnownFileType = sourcecode.swift; path = MovieCell.swift; sourceTree = "<group>"; };
		2B851B1828D1773800D86053 /* MovieDetailsViewController.swift */ = {isa = PBXFileReference; lastKnownFileType = sourcecode.swift; path = MovieDetailsViewController.swift; sourceTree = "<group>"; };
		2C1D4A8D9DFDEBDAF57B5ADF /* Pods-Flix.debug.xcconfig */ = {isa = PBXFileReference; includeInIndex = 1; lastKnownFileType = text.xcconfig; name = "Pods-Flix.debug.xcconfig"; path = "Target Support Files/Pods-Flix/Pods-Flix.debug.xcconfig"; sourceTree = "<group>"; };
		3382811E45152CB6B694AC0C /* Pods-FlixTests.debug.xcconfig */ = {isa = PBXFileReference; includeInIndex = 1; lastKnownFileType = text.xcconfig; name = "Pods-FlixTests.debug.xcconfig"; path = "Target Support Files/Pods-FlixTests/Pods-FlixTests.debug.xcconfig"; sourceTree = "<group>"; };
		5F32C0E10B9B08BE29659B09 /* Pods-FlixTests.release.xcconfig */ = {isa = PBXFileReference; includeInIndex = 1; lastKnownFileType = text.xcconfig; name = "Pods-FlixTests.release.xcconfig"; path = "Target Support Files/Pods-FlixTests/Pods-FlixTests.release.xcconfig"; sourceTree = "<group>"; };
		9D3F6B199D70182B13ABF056 /* Pods-Flix.release.xcconfig */ = {isa = PBXFileReference; includeInIndex = 1; lastKnownFileType = text.xcconfig; name = "Pods-Flix.release.xcconfig"; path = "Target Support Files/Pods-Flix/Pods-Flix.release.xcconfig"; sourceTree = "<group>"; };
		D2245C03B532A78121AE112F /* Pods-Flix-FlixUITests.debug.xcconfig */ = {isa = PBXFileReference; includeInIndex = 1; lastKnownFileType = text.xcconfig; name = "Pods-Flix-FlixUITests.debug.xcconfig"; path = "Target Support Files/Pods-Flix-FlixUITests/Pods-Flix-FlixUITests.debug.xcconfig"; sourceTree = "<group>"; };
		EABF05F87723F199616BCFA9 /* Pods_Flix.framework */ = {isa = PBXFileReference; explicitFileType = wrapper.framework; includeInIndex = 0; path = Pods_Flix.framework; sourceTree = BUILT_PRODUCTS_DIR; };
		EBD52B6A363E0F57B9A37E43 /* Pods_Flix_FlixUITests.framework */ = {isa = PBXFileReference; explicitFileType = wrapper.framework; includeInIndex = 0; path = Pods_Flix_FlixUITests.framework; sourceTree = BUILT_PRODUCTS_DIR; };
		F77B638403B10C68E373BF15 /* Pods_FlixTests.framework */ = {isa = PBXFileReference; explicitFileType = wrapper.framework; includeInIndex = 0; path = Pods_FlixTests.framework; sourceTree = BUILT_PRODUCTS_DIR; };
/* End PBXFileReference section */

/* Begin PBXFrameworksBuildPhase section */
		2B70B8E928D016220096C854 /* Frameworks */ = {
			isa = PBXFrameworksBuildPhase;
			buildActionMask = 2147483647;
			files = (
				2B70B92628D035450096C854 /* AlamofireImage in Frameworks */,
				5C31A0214BE8475B4E16BF27 /* Pods_Flix.framework in Frameworks */,
			);
			runOnlyForDeploymentPostprocessing = 0;
		};
		2B70B90228D016260096C854 /* Frameworks */ = {
			isa = PBXFrameworksBuildPhase;
			buildActionMask = 2147483647;
			files = (
				36A39637C4FB2F2D2931883B /* Pods_FlixTests.framework in Frameworks */,
			);
			runOnlyForDeploymentPostprocessing = 0;
		};
		2B70B90C28D016260096C854 /* Frameworks */ = {
			isa = PBXFrameworksBuildPhase;
			buildActionMask = 2147483647;
			files = (
				4EAB49A62DD570EAD19C90BE /* Pods_Flix_FlixUITests.framework in Frameworks */,
			);
			runOnlyForDeploymentPostprocessing = 0;
		};
/* End PBXFrameworksBuildPhase section */

/* Begin PBXGroup section */
		092D4461CC1FC58DB721DAF3 /* Frameworks */ = {
			isa = PBXGroup;
			children = (
				EABF05F87723F199616BCFA9 /* Pods_Flix.framework */,
				EBD52B6A363E0F57B9A37E43 /* Pods_Flix_FlixUITests.framework */,
				F77B638403B10C68E373BF15 /* Pods_FlixTests.framework */,
			);
			name = Frameworks;
			sourceTree = "<group>";
		};
		233AA875ECE528DB4FF5512B /* Pods */ = {
			isa = PBXGroup;
			children = (
				2C1D4A8D9DFDEBDAF57B5ADF /* Pods-Flix.debug.xcconfig */,
				9D3F6B199D70182B13ABF056 /* Pods-Flix.release.xcconfig */,
				D2245C03B532A78121AE112F /* Pods-Flix-FlixUITests.debug.xcconfig */,
				23842B4AF02767B8589E8D38 /* Pods-Flix-FlixUITests.release.xcconfig */,
				3382811E45152CB6B694AC0C /* Pods-FlixTests.debug.xcconfig */,
				5F32C0E10B9B08BE29659B09 /* Pods-FlixTests.release.xcconfig */,
			);
			path = Pods;
			sourceTree = "<group>";
		};
		2B70B8E328D016220096C854 = {
			isa = PBXGroup;
			children = (
				2B70B8EE28D016220096C854 /* Flix */,
				2B70B90828D016260096C854 /* FlixTests */,
				2B70B91228D016260096C854 /* FlixUITests */,
				2B70B8ED28D016220096C854 /* Products */,
				233AA875ECE528DB4FF5512B /* Pods */,
				092D4461CC1FC58DB721DAF3 /* Frameworks */,
			);
			sourceTree = "<group>";
		};
		2B70B8ED28D016220096C854 /* Products */ = {
			isa = PBXGroup;
			children = (
				2B70B8EC28D016220096C854 /* Flix.app */,
				2B70B90528D016260096C854 /* FlixTests.xctest */,
				2B70B90F28D016260096C854 /* FlixUITests.xctest */,
			);
			name = Products;
			sourceTree = "<group>";
		};
		2B70B8EE28D016220096C854 /* Flix */ = {
			isa = PBXGroup;
			children = (
				2B70B8EF28D016220096C854 /* AppDelegate.swift */,
				2B70B8F128D016220096C854 /* SceneDelegate.swift */,
				2B70B8F328D016220096C854 /* MoviesViewController.swift */,
				2B70B8F528D016220096C854 /* Main.storyboard */,
				2B851B1828D1773800D86053 /* MovieDetailsViewController.swift */,
				2B70B92228D02AF70096C854 /* MovieCell.swift */,
				2B70B8FB28D016250096C854 /* Assets.xcassets */,
				2B70B8FD28D016250096C854 /* LaunchScreen.storyboard */,
				2B70B90028D016250096C854 /* Info.plist */,
				2B70B8F828D016220096C854 /* Flix.xcdatamodeld */,
			);
			path = Flix;
			sourceTree = "<group>";
		};
		2B70B90828D016260096C854 /* FlixTests */ = {
			isa = PBXGroup;
			children = (
				2B70B90928D016260096C854 /* FlixTests.swift */,
			);
			path = FlixTests;
			sourceTree = "<group>";
		};
		2B70B91228D016260096C854 /* FlixUITests */ = {
			isa = PBXGroup;
			children = (
				2B70B91328D016260096C854 /* FlixUITests.swift */,
				2B70B91528D016260096C854 /* FlixUITestsLaunchTests.swift */,
			);
			path = FlixUITests;
			sourceTree = "<group>";
		};
/* End PBXGroup section */

/* Begin PBXNativeTarget section */
		2B70B8EB28D016220096C854 /* Flix */ = {
			isa = PBXNativeTarget;
			buildConfigurationList = 2B70B91928D016260096C854 /* Build configuration list for PBXNativeTarget "Flix" */;
			buildPhases = (
				F62C53D774EBBBA172215659 /* [CP] Check Pods Manifest.lock */,
				2B70B8E828D016220096C854 /* Sources */,
				2B70B8E928D016220096C854 /* Frameworks */,
				2B70B8EA28D016220096C854 /* Resources */,
				E969A589ADE72C3D12B4EEEB /* [CP] Embed Pods Frameworks */,
			);
			buildRules = (
			);
			dependencies = (
			);
			name = Flix;
			packageProductDependencies = (
				2B70B92528D035450096C854 /* AlamofireImage */,
			);
			productName = Flix;
			productReference = 2B70B8EC28D016220096C854 /* Flix.app */;
			productType = "com.apple.product-type.application";
		};
		2B70B90428D016260096C854 /* FlixTests */ = {
			isa = PBXNativeTarget;
			buildConfigurationList = 2B70B91C28D016260096C854 /* Build configuration list for PBXNativeTarget "FlixTests" */;
			buildPhases = (
				23114A064B65483CE966FC66 /* [CP] Check Pods Manifest.lock */,
				2B70B90128D016260096C854 /* Sources */,
				2B70B90228D016260096C854 /* Frameworks */,
				2B70B90328D016260096C854 /* Resources */,
			);
			buildRules = (
			);
			dependencies = (
				2B70B90728D016260096C854 /* PBXTargetDependency */,
			);
			name = FlixTests;
			productName = FlixTests;
			productReference = 2B70B90528D016260096C854 /* FlixTests.xctest */;
			productType = "com.apple.product-type.bundle.unit-test";
		};
		2B70B90E28D016260096C854 /* FlixUITests */ = {
			isa = PBXNativeTarget;
			buildConfigurationList = 2B70B91F28D016260096C854 /* Build configuration list for PBXNativeTarget "FlixUITests" */;
			buildPhases = (
				56A5AA3CDE91732E34DE8D37 /* [CP] Check Pods Manifest.lock */,
				2B70B90B28D016260096C854 /* Sources */,
				2B70B90C28D016260096C854 /* Frameworks */,
				2B70B90D28D016260096C854 /* Resources */,
				304CA7648CBBE2898F5AB773 /* [CP] Embed Pods Frameworks */,
			);
			buildRules = (
			);
			dependencies = (
				2B70B91128D016260096C854 /* PBXTargetDependency */,
			);
			name = FlixUITests;
			productName = FlixUITests;
			productReference = 2B70B90F28D016260096C854 /* FlixUITests.xctest */;
			productType = "com.apple.product-type.bundle.ui-testing";
		};
/* End PBXNativeTarget section */

/* Begin PBXProject section */
		2B70B8E428D016220096C854 /* Project object */ = {
			isa = PBXProject;
			attributes = {
				BuildIndependentTargetsInParallel = 1;
				LastSwiftUpdateCheck = 1340;
				LastUpgradeCheck = 1340;
				TargetAttributes = {
					2B70B8EB28D016220096C854 = {
						CreatedOnToolsVersion = 13.4.1;
					};
					2B70B90428D016260096C854 = {
						CreatedOnToolsVersion = 13.4.1;
						TestTargetID = 2B70B8EB28D016220096C854;
					};
					2B70B90E28D016260096C854 = {
						CreatedOnToolsVersion = 13.4.1;
						TestTargetID = 2B70B8EB28D016220096C854;
					};
				};
			};
			buildConfigurationList = 2B70B8E728D016220096C854 /* Build configuration list for PBXProject "Flix" */;
			compatibilityVersion = "Xcode 13.0";
			developmentRegion = en;
			hasScannedForEncodings = 0;
			knownRegions = (
				en,
				Base,
			);
			mainGroup = 2B70B8E328D016220096C854;
			packageReferences = (
				2B70B92428D035450096C854 /* XCRemoteSwiftPackageReference "AlamofireImage" */,
			);
			productRefGroup = 2B70B8ED28D016220096C854 /* Products */;
			projectDirPath = "";
			projectRoot = "";
			targets = (
				2B70B8EB28D016220096C854 /* Flix */,
				2B70B90428D016260096C854 /* FlixTests */,
				2B70B90E28D016260096C854 /* FlixUITests */,
			);
		};
/* End PBXProject section */

/* Begin PBXResourcesBuildPhase section */
		2B70B8EA28D016220096C854 /* Resources */ = {
			isa = PBXResourcesBuildPhase;
			buildActionMask = 2147483647;
			files = (
				2B70B8FF28D016250096C854 /* LaunchScreen.storyboard in Resources */,
				2B70B8FC28D016250096C854 /* Assets.xcassets in Resources */,
				2B70B8F728D016220096C854 /* Main.storyboard in Resources */,
			);
			runOnlyForDeploymentPostprocessing = 0;
		};
		2B70B90328D016260096C854 /* Resources */ = {
			isa = PBXResourcesBuildPhase;
			buildActionMask = 2147483647;
			files = (
			);
			runOnlyForDeploymentPostprocessing = 0;
		};
		2B70B90D28D016260096C854 /* Resources */ = {
			isa = PBXResourcesBuildPhase;
			buildActionMask = 2147483647;
			files = (
			);
			runOnlyForDeploymentPostprocessing = 0;
		};
/* End PBXResourcesBuildPhase section */

/* Begin PBXShellScriptBuildPhase section */
		23114A064B65483CE966FC66 /* [CP] Check Pods Manifest.lock */ = {
			isa = PBXShellScriptBuildPhase;
			buildActionMask = 2147483647;
			files = (
			);
			inputFileListPaths = (
			);
			inputPaths = (
				"${PODS_PODFILE_DIR_PATH}/Podfile.lock",
				"${PODS_ROOT}/Manifest.lock",
			);
			name = "[CP] Check Pods Manifest.lock";
			outputFileListPaths = (
			);
			outputPaths = (
				"$(DERIVED_FILE_DIR)/Pods-FlixTests-checkManifestLockResult.txt",
			);
			runOnlyForDeploymentPostprocessing = 0;
			shellPath = /bin/sh;
			shellScript = "diff \"${PODS_PODFILE_DIR_PATH}/Podfile.lock\" \"${PODS_ROOT}/Manifest.lock\" > /dev/null\nif [ $? != 0 ] ; then\n    # print error to STDERR\n    echo \"error: The sandbox is not in sync with the Podfile.lock. Run 'pod install' or update your CocoaPods installation.\" >&2\n    exit 1\nfi\n# This output is used by Xcode 'outputs' to avoid re-running this script phase.\necho \"SUCCESS\" > \"${SCRIPT_OUTPUT_FILE_0}\"\n";
			showEnvVarsInLog = 0;
		};
		304CA7648CBBE2898F5AB773 /* [CP] Embed Pods Frameworks */ = {
			isa = PBXShellScriptBuildPhase;
			buildActionMask = 2147483647;
			files = (
			);
			inputFileListPaths = (
				"${PODS_ROOT}/Target Support Files/Pods-Flix-FlixUITests/Pods-Flix-FlixUITests-frameworks-${CONFIGURATION}-input-files.xcfilelist",
			);
			name = "[CP] Embed Pods Frameworks";
			outputFileListPaths = (
				"${PODS_ROOT}/Target Support Files/Pods-Flix-FlixUITests/Pods-Flix-FlixUITests-frameworks-${CONFIGURATION}-output-files.xcfilelist",
			);
			runOnlyForDeploymentPostprocessing = 0;
			shellPath = /bin/sh;
			shellScript = "\"${PODS_ROOT}/Target Support Files/Pods-Flix-FlixUITests/Pods-Flix-FlixUITests-frameworks.sh\"\n";
			showEnvVarsInLog = 0;
		};
		56A5AA3CDE91732E34DE8D37 /* [CP] Check Pods Manifest.lock */ = {
			isa = PBXShellScriptBuildPhase;
			buildActionMask = 2147483647;
			files = (
			);
			inputFileListPaths = (
			);
			inputPaths = (
				"${PODS_PODFILE_DIR_PATH}/Podfile.lock",
				"${PODS_ROOT}/Manifest.lock",
			);
			name = "[CP] Check Pods Manifest.lock";
			outputFileListPaths = (
			);
			outputPaths = (
				"$(DERIVED_FILE_DIR)/Pods-Flix-FlixUITests-checkManifestLockResult.txt",
			);
			runOnlyForDeploymentPostprocessing = 0;
			shellPath = /bin/sh;
			shellScript = "diff \"${PODS_PODFILE_DIR_PATH}/Podfile.lock\" \"${PODS_ROOT}/Manifest.lock\" > /dev/null\nif [ $? != 0 ] ; then\n    # print error to STDERR\n    echo \"error: The sandbox is not in sync with the Podfile.lock. Run 'pod install' or update your CocoaPods installation.\" >&2\n    exit 1\nfi\n# This output is used by Xcode 'outputs' to avoid re-running this script phase.\necho \"SUCCESS\" > \"${SCRIPT_OUTPUT_FILE_0}\"\n";
			showEnvVarsInLog = 0;
		};
		E969A589ADE72C3D12B4EEEB /* [CP] Embed Pods Frameworks */ = {
			isa = PBXShellScriptBuildPhase;
			buildActionMask = 2147483647;
			files = (
			);
			inputFileListPaths = (
				"${PODS_ROOT}/Target Support Files/Pods-Flix/Pods-Flix-frameworks-${CONFIGURATION}-input-files.xcfilelist",
			);
			name = "[CP] Embed Pods Frameworks";
			outputFileListPaths = (
				"${PODS_ROOT}/Target Support Files/Pods-Flix/Pods-Flix-frameworks-${CONFIGURATION}-output-files.xcfilelist",
			);
			runOnlyForDeploymentPostprocessing = 0;
			shellPath = /bin/sh;
			shellScript = "\"${PODS_ROOT}/Target Support Files/Pods-Flix/Pods-Flix-frameworks.sh\"\n";
			showEnvVarsInLog = 0;
		};
		F62C53D774EBBBA172215659 /* [CP] Check Pods Manifest.lock */ = {
			isa = PBXShellScriptBuildPhase;
			buildActionMask = 2147483647;
			files = (
			);
			inputFileListPaths = (
			);
			inputPaths = (
				"${PODS_PODFILE_DIR_PATH}/Podfile.lock",
				"${PODS_ROOT}/Manifest.lock",
			);
			name = "[CP] Check Pods Manifest.lock";
			outputFileListPaths = (
			);
			outputPaths = (
				"$(DERIVED_FILE_DIR)/Pods-Flix-checkManifestLockResult.txt",
			);
			runOnlyForDeploymentPostprocessing = 0;
			shellPath = /bin/sh;
			shellScript = "diff \"${PODS_PODFILE_DIR_PATH}/Podfile.lock\" \"${PODS_ROOT}/Manifest.lock\" > /dev/null\nif [ $? != 0 ] ; then\n    # print error to STDERR\n    echo \"error: The sandbox is not in sync with the Podfile.lock. Run 'pod install' or update your CocoaPods installation.\" >&2\n    exit 1\nfi\n# This output is used by Xcode 'outputs' to avoid re-running this script phase.\necho \"SUCCESS\" > \"${SCRIPT_OUTPUT_FILE_0}\"\n";
			showEnvVarsInLog = 0;
		};
/* End PBXShellScriptBuildPhase section */

/* Begin PBXSourcesBuildPhase section */
		2B70B8E828D016220096C854 /* Sources */ = {
			isa = PBXSourcesBuildPhase;
			buildActionMask = 2147483647;
			files = (
				2B70B8FA28D016220096C854 /* Flix.xcdatamodeld in Sources */,
				2B70B8F428D016220096C854 /* MoviesViewController.swift in Sources */,
				2B851B1928D1773800D86053 /* MovieDetailsViewController.swift in Sources */,
				2B70B8F028D016220096C854 /* AppDelegate.swift in Sources */,
				2B70B92328D02AF70096C854 /* MovieCell.swift in Sources */,
				2B70B8F228D016220096C854 /* SceneDelegate.swift in Sources */,
			);
			runOnlyForDeploymentPostprocessing = 0;
		};
		2B70B90128D016260096C854 /* Sources */ = {
			isa = PBXSourcesBuildPhase;
			buildActionMask = 2147483647;
			files = (
				2B70B90A28D016260096C854 /* FlixTests.swift in Sources */,
			);
			runOnlyForDeploymentPostprocessing = 0;
		};
		2B70B90B28D016260096C854 /* Sources */ = {
			isa = PBXSourcesBuildPhase;
			buildActionMask = 2147483647;
			files = (
				2B70B91428D016260096C854 /* FlixUITests.swift in Sources */,
				2B70B91628D016260096C854 /* FlixUITestsLaunchTests.swift in Sources */,
			);
			runOnlyForDeploymentPostprocessing = 0;
		};
/* End PBXSourcesBuildPhase section */

/* Begin PBXTargetDependency section */
		2B70B90728D016260096C854 /* PBXTargetDependency */ = {
			isa = PBXTargetDependency;
			target = 2B70B8EB28D016220096C854 /* Flix */;
			targetProxy = 2B70B90628D016260096C854 /* PBXContainerItemProxy */;
		};
		2B70B91128D016260096C854 /* PBXTargetDependency */ = {
			isa = PBXTargetDependency;
			target = 2B70B8EB28D016220096C854 /* Flix */;
			targetProxy = 2B70B91028D016260096C854 /* PBXContainerItemProxy */;
		};
/* End PBXTargetDependency section */

/* Begin PBXVariantGroup section */
		2B70B8F528D016220096C854 /* Main.storyboard */ = {
			isa = PBXVariantGroup;
			children = (
				2B70B8F628D016220096C854 /* Base */,
			);
			name = Main.storyboard;
			sourceTree = "<group>";
		};
		2B70B8FD28D016250096C854 /* LaunchScreen.storyboard */ = {
			isa = PBXVariantGroup;
			children = (
				2B70B8FE28D016250096C854 /* Base */,
			);
			name = LaunchScreen.storyboard;
			sourceTree = "<group>";
		};
/* End PBXVariantGroup section */

/* Begin XCBuildConfiguration section */
		2B70B91728D016260096C854 /* Debug */ = {
			isa = XCBuildConfiguration;
			buildSettings = {
				ALWAYS_SEARCH_USER_PATHS = NO;
				CLANG_ANALYZER_NONNULL = YES;
				CLANG_ANALYZER_NUMBER_OBJECT_CONVERSION = YES_AGGRESSIVE;
				CLANG_CXX_LANGUAGE_STANDARD = "gnu++17";
				CLANG_ENABLE_MODULES = YES;
				CLANG_ENABLE_OBJC_ARC = YES;
				CLANG_ENABLE_OBJC_WEAK = YES;
				CLANG_WARN_BLOCK_CAPTURE_AUTORELEASING = YES;
				CLANG_WARN_BOOL_CONVERSION = YES;
				CLANG_WARN_COMMA = YES;
				CLANG_WARN_CONSTANT_CONVERSION = YES;
				CLANG_WARN_DEPRECATED_OBJC_IMPLEMENTATIONS = YES;
				CLANG_WARN_DIRECT_OBJC_ISA_USAGE = YES_ERROR;
				CLANG_WARN_DOCUMENTATION_COMMENTS = YES;
				CLANG_WARN_EMPTY_BODY = YES;
				CLANG_WARN_ENUM_CONVERSION = YES;
				CLANG_WARN_INFINITE_RECURSION = YES;
				CLANG_WARN_INT_CONVERSION = YES;
				CLANG_WARN_NON_LITERAL_NULL_CONVERSION = YES;
				CLANG_WARN_OBJC_IMPLICIT_RETAIN_SELF = YES;
				CLANG_WARN_OBJC_LITERAL_CONVERSION = YES;
				CLANG_WARN_OBJC_ROOT_CLASS = YES_ERROR;
				CLANG_WARN_QUOTED_INCLUDE_IN_FRAMEWORK_HEADER = YES;
				CLANG_WARN_RANGE_LOOP_ANALYSIS = YES;
				CLANG_WARN_STRICT_PROTOTYPES = YES;
				CLANG_WARN_SUSPICIOUS_MOVE = YES;
				CLANG_WARN_UNGUARDED_AVAILABILITY = YES_AGGRESSIVE;
				CLANG_WARN_UNREACHABLE_CODE = YES;
				CLANG_WARN__DUPLICATE_METHOD_MATCH = YES;
				COPY_PHASE_STRIP = NO;
				DEBUG_INFORMATION_FORMAT = dwarf;
				ENABLE_STRICT_OBJC_MSGSEND = YES;
				ENABLE_TESTABILITY = YES;
				GCC_C_LANGUAGE_STANDARD = gnu11;
				GCC_DYNAMIC_NO_PIC = NO;
				GCC_NO_COMMON_BLOCKS = YES;
				GCC_OPTIMIZATION_LEVEL = 0;
				GCC_PREPROCESSOR_DEFINITIONS = (
					"DEBUG=1",
					"$(inherited)",
				);
				GCC_WARN_64_TO_32_BIT_CONVERSION = YES;
				GCC_WARN_ABOUT_RETURN_TYPE = YES_ERROR;
				GCC_WARN_UNDECLARED_SELECTOR = YES;
				GCC_WARN_UNINITIALIZED_AUTOS = YES_AGGRESSIVE;
				GCC_WARN_UNUSED_FUNCTION = YES;
				GCC_WARN_UNUSED_VARIABLE = YES;
				IPHONEOS_DEPLOYMENT_TARGET = 15.5;
				MTL_ENABLE_DEBUG_INFO = INCLUDE_SOURCE;
				MTL_FAST_MATH = YES;
				ONLY_ACTIVE_ARCH = YES;
				SDKROOT = iphoneos;
				SWIFT_ACTIVE_COMPILATION_CONDITIONS = DEBUG;
				SWIFT_OPTIMIZATION_LEVEL = "-Onone";
			};
			name = Debug;
		};
		2B70B91828D016260096C854 /* Release */ = {
			isa = XCBuildConfiguration;
			buildSettings = {
				ALWAYS_SEARCH_USER_PATHS = NO;
				CLANG_ANALYZER_NONNULL = YES;
				CLANG_ANALYZER_NUMBER_OBJECT_CONVERSION = YES_AGGRESSIVE;
				CLANG_CXX_LANGUAGE_STANDARD = "gnu++17";
				CLANG_ENABLE_MODULES = YES;
				CLANG_ENABLE_OBJC_ARC = YES;
				CLANG_ENABLE_OBJC_WEAK = YES;
				CLANG_WARN_BLOCK_CAPTURE_AUTORELEASING = YES;
				CLANG_WARN_BOOL_CONVERSION = YES;
				CLANG_WARN_COMMA = YES;
				CLANG_WARN_CONSTANT_CONVERSION = YES;
				CLANG_WARN_DEPRECATED_OBJC_IMPLEMENTATIONS = YES;
				CLANG_WARN_DIRECT_OBJC_ISA_USAGE = YES_ERROR;
				CLANG_WARN_DOCUMENTATION_COMMENTS = YES;
				CLANG_WARN_EMPTY_BODY = YES;
				CLANG_WARN_ENUM_CONVERSION = YES;
				CLANG_WARN_INFINITE_RECURSION = YES;
				CLANG_WARN_INT_CONVERSION = YES;
				CLANG_WARN_NON_LITERAL_NULL_CONVERSION = YES;
				CLANG_WARN_OBJC_IMPLICIT_RETAIN_SELF = YES;
				CLANG_WARN_OBJC_LITERAL_CONVERSION = YES;
				CLANG_WARN_OBJC_ROOT_CLASS = YES_ERROR;
				CLANG_WARN_QUOTED_INCLUDE_IN_FRAMEWORK_HEADER = YES;
				CLANG_WARN_RANGE_LOOP_ANALYSIS = YES;
				CLANG_WARN_STRICT_PROTOTYPES = YES;
				CLANG_WARN_SUSPICIOUS_MOVE = YES;
				CLANG_WARN_UNGUARDED_AVAILABILITY = YES_AGGRESSIVE;
				CLANG_WARN_UNREACHABLE_CODE = YES;
				CLANG_WARN__DUPLICATE_METHOD_MATCH = YES;
				COPY_PHASE_STRIP = NO;
				DEBUG_INFORMATION_FORMAT = "dwarf-with-dsym";
				ENABLE_NS_ASSERTIONS = NO;
				ENABLE_STRICT_OBJC_MSGSEND = YES;
				GCC_C_LANGUAGE_STANDARD = gnu11;
				GCC_NO_COMMON_BLOCKS = YES;
				GCC_WARN_64_TO_32_BIT_CONVERSION = YES;
				GCC_WARN_ABOUT_RETURN_TYPE = YES_ERROR;
				GCC_WARN_UNDECLARED_SELECTOR = YES;
				GCC_WARN_UNINITIALIZED_AUTOS = YES_AGGRESSIVE;
				GCC_WARN_UNUSED_FUNCTION = YES;
				GCC_WARN_UNUSED_VARIABLE = YES;
				IPHONEOS_DEPLOYMENT_TARGET = 15.5;
				MTL_ENABLE_DEBUG_INFO = NO;
				MTL_FAST_MATH = YES;
				SDKROOT = iphoneos;
				SWIFT_COMPILATION_MODE = wholemodule;
				SWIFT_OPTIMIZATION_LEVEL = "-O";
				VALIDATE_PRODUCT = YES;
			};
			name = Release;
		};
		2B70B91A28D016260096C854 /* Debug */ = {
			isa = XCBuildConfiguration;
			baseConfigurationReference = 2C1D4A8D9DFDEBDAF57B5ADF /* Pods-Flix.debug.xcconfig */;
			buildSettings = {
				ASSETCATALOG_COMPILER_APPICON_NAME = AppIcon;
				ASSETCATALOG_COMPILER_GLOBAL_ACCENT_COLOR_NAME = AccentColor;
				CODE_SIGN_STYLE = Automatic;
				CURRENT_PROJECT_VERSION = 1;
				DEVELOPMENT_TEAM = 92B8B7PDDJ;
				GENERATE_INFOPLIST_FILE = YES;
				INFOPLIST_FILE = Flix/Info.plist;
				INFOPLIST_KEY_UIApplicationSupportsIndirectInputEvents = YES;
				INFOPLIST_KEY_UILaunchStoryboardName = LaunchScreen;
				INFOPLIST_KEY_UIMainStoryboardFile = Main;
				INFOPLIST_KEY_UISupportedInterfaceOrientations_iPad = "UIInterfaceOrientationPortrait UIInterfaceOrientationPortraitUpsideDown UIInterfaceOrientationLandscapeLeft UIInterfaceOrientationLandscapeRight";
				INFOPLIST_KEY_UISupportedInterfaceOrientations_iPhone = "UIInterfaceOrientationPortrait UIInterfaceOrientationLandscapeLeft UIInterfaceOrientationLandscapeRight";
				LD_RUNPATH_SEARCH_PATHS = (
					"$(inherited)",
					"@executable_path/Frameworks",
				);
				MARKETING_VERSION = 1.0;
				PRODUCT_BUNDLE_IDENTIFIER = com.quanguyendg.Flix;
				PRODUCT_NAME = "$(TARGET_NAME)";
				SWIFT_EMIT_LOC_STRINGS = YES;
				SWIFT_VERSION = 5.0;
				TARGETED_DEVICE_FAMILY = "1,2";
			};
			name = Debug;
		};
		2B70B91B28D016260096C854 /* Release */ = {
			isa = XCBuildConfiguration;
			baseConfigurationReference = 9D3F6B199D70182B13ABF056 /* Pods-Flix.release.xcconfig */;
			buildSettings = {
				ASSETCATALOG_COMPILER_APPICON_NAME = AppIcon;
				ASSETCATALOG_COMPILER_GLOBAL_ACCENT_COLOR_NAME = AccentColor;
				CODE_SIGN_STYLE = Automatic;
				CURRENT_PROJECT_VERSION = 1;
				DEVELOPMENT_TEAM = 92B8B7PDDJ;
				GENERATE_INFOPLIST_FILE = YES;
				INFOPLIST_FILE = Flix/Info.plist;
				INFOPLIST_KEY_UIApplicationSupportsIndirectInputEvents = YES;
				INFOPLIST_KEY_UILaunchStoryboardName = LaunchScreen;
				INFOPLIST_KEY_UIMainStoryboardFile = Main;
				INFOPLIST_KEY_UISupportedInterfaceOrientations_iPad = "UIInterfaceOrientationPortrait UIInterfaceOrientationPortraitUpsideDown UIInterfaceOrientationLandscapeLeft UIInterfaceOrientationLandscapeRight";
				INFOPLIST_KEY_UISupportedInterfaceOrientations_iPhone = "UIInterfaceOrientationPortrait UIInterfaceOrientationLandscapeLeft UIInterfaceOrientationLandscapeRight";
				LD_RUNPATH_SEARCH_PATHS = (
					"$(inherited)",
					"@executable_path/Frameworks",
				);
				MARKETING_VERSION = 1.0;
				PRODUCT_BUNDLE_IDENTIFIER = com.quanguyendg.Flix;
				PRODUCT_NAME = "$(TARGET_NAME)";
				SWIFT_EMIT_LOC_STRINGS = YES;
				SWIFT_VERSION = 5.0;
				TARGETED_DEVICE_FAMILY = "1,2";
			};
			name = Release;
		};
		2B70B91D28D016260096C854 /* Debug */ = {
			isa = XCBuildConfiguration;
			baseConfigurationReference = 3382811E45152CB6B694AC0C /* Pods-FlixTests.debug.xcconfig */;
			buildSettings = {
				ALWAYS_EMBED_SWIFT_STANDARD_LIBRARIES = YES;
				BUNDLE_LOADER = "$(TEST_HOST)";
				CODE_SIGN_STYLE = Automatic;
				CURRENT_PROJECT_VERSION = 1;
				DEVELOPMENT_TEAM = 92B8B7PDDJ;
				GENERATE_INFOPLIST_FILE = YES;
				IPHONEOS_DEPLOYMENT_TARGET = 15.5;
				MARKETING_VERSION = 1.0;
				PRODUCT_BUNDLE_IDENTIFIER = com.quanguyendg.FlixTests;
				PRODUCT_NAME = "$(TARGET_NAME)";
				SWIFT_EMIT_LOC_STRINGS = NO;
				SWIFT_VERSION = 5.0;
				TARGETED_DEVICE_FAMILY = "1,2";
				TEST_HOST = "$(BUILT_PRODUCTS_DIR)/Flix.app/Flix";
			};
			name = Debug;
		};
		2B70B91E28D016260096C854 /* Release */ = {
			isa = XCBuildConfiguration;
			baseConfigurationReference = 5F32C0E10B9B08BE29659B09 /* Pods-FlixTests.release.xcconfig */;
			buildSettings = {
				ALWAYS_EMBED_SWIFT_STANDARD_LIBRARIES = YES;
				BUNDLE_LOADER = "$(TEST_HOST)";
				CODE_SIGN_STYLE = Automatic;
				CURRENT_PROJECT_VERSION = 1;
				DEVELOPMENT_TEAM = 92B8B7PDDJ;
				GENERATE_INFOPLIST_FILE = YES;
				IPHONEOS_DEPLOYMENT_TARGET = 15.5;
				MARKETING_VERSION = 1.0;
				PRODUCT_BUNDLE_IDENTIFIER = com.quanguyendg.FlixTests;
				PRODUCT_NAME = "$(TARGET_NAME)";
				SWIFT_EMIT_LOC_STRINGS = NO;
				SWIFT_VERSION = 5.0;
				TARGETED_DEVICE_FAMILY = "1,2";
				TEST_HOST = "$(BUILT_PRODUCTS_DIR)/Flix.app/Flix";
			};
			name = Release;
		};
		2B70B92028D016260096C854 /* Debug */ = {
			isa = XCBuildConfiguration;
			baseConfigurationReference = D2245C03B532A78121AE112F /* Pods-Flix-FlixUITests.debug.xcconfig */;
			buildSettings = {
				ALWAYS_EMBED_SWIFT_STANDARD_LIBRARIES = YES;
				CODE_SIGN_STYLE = Automatic;
				CURRENT_PROJECT_VERSION = 1;
				DEVELOPMENT_TEAM = 92B8B7PDDJ;
				GENERATE_INFOPLIST_FILE = YES;
				MARKETING_VERSION = 1.0;
				PRODUCT_BUNDLE_IDENTIFIER = com.quanguyendg.FlixUITests;
				PRODUCT_NAME = "$(TARGET_NAME)";
				SWIFT_EMIT_LOC_STRINGS = NO;
				SWIFT_VERSION = 5.0;
				TARGETED_DEVICE_FAMILY = "1,2";
				TEST_TARGET_NAME = Flix;
			};
			name = Debug;
		};
		2B70B92128D016260096C854 /* Release */ = {
			isa = XCBuildConfiguration;
			baseConfigurationReference = 23842B4AF02767B8589E8D38 /* Pods-Flix-FlixUITests.release.xcconfig */;
			buildSettings = {
				ALWAYS_EMBED_SWIFT_STANDARD_LIBRARIES = YES;
				CODE_SIGN_STYLE = Automatic;
				CURRENT_PROJECT_VERSION = 1;
				DEVELOPMENT_TEAM = 92B8B7PDDJ;
				GENERATE_INFOPLIST_FILE = YES;
				MARKETING_VERSION = 1.0;
				PRODUCT_BUNDLE_IDENTIFIER = com.quanguyendg.FlixUITests;
				PRODUCT_NAME = "$(TARGET_NAME)";
				SWIFT_EMIT_LOC_STRINGS = NO;
				SWIFT_VERSION = 5.0;
				TARGETED_DEVICE_FAMILY = "1,2";
				TEST_TARGET_NAME = Flix;
			};
			name = Release;
		};
/* End XCBuildConfiguration section */

/* Begin XCConfigurationList section */
		2B70B8E728D016220096C854 /* Build configuration list for PBXProject "Flix" */ = {
			isa = XCConfigurationList;
			buildConfigurations = (
				2B70B91728D016260096C854 /* Debug */,
				2B70B91828D016260096C854 /* Release */,
			);
			defaultConfigurationIsVisible = 0;
			defaultConfigurationName = Release;
		};
		2B70B91928D016260096C854 /* Build configuration list for PBXNativeTarget "Flix" */ = {
			isa = XCConfigurationList;
			buildConfigurations = (
				2B70B91A28D016260096C854 /* Debug */,
				2B70B91B28D016260096C854 /* Release */,
			);
			defaultConfigurationIsVisible = 0;
			defaultConfigurationName = Release;
		};
		2B70B91C28D016260096C854 /* Build configuration list for PBXNativeTarget "FlixTests" */ = {
			isa = XCConfigurationList;
			buildConfigurations = (
				2B70B91D28D016260096C854 /* Debug */,
				2B70B91E28D016260096C854 /* Release */,
			);
			defaultConfigurationIsVisible = 0;
			defaultConfigurationName = Release;
		};
		2B70B91F28D016260096C854 /* Build configuration list for PBXNativeTarget "FlixUITests" */ = {
			isa = XCConfigurationList;
			buildConfigurations = (
				2B70B92028D016260096C854 /* Debug */,
				2B70B92128D016260096C854 /* Release */,
			);
			defaultConfigurationIsVisible = 0;
			defaultConfigurationName = Release;
		};
/* End XCConfigurationList section */

/* Begin XCRemoteSwiftPackageReference section */
		2B70B92428D035450096C854 /* XCRemoteSwiftPackageReference "AlamofireImage" */ = {
			isa = XCRemoteSwiftPackageReference;
			repositoryURL = "https://github.com/Alamofire/AlamofireImage";
			requirement = {
				kind = upToNextMajorVersion;
				minimumVersion = 4.0.0;
			};
		};
/* End XCRemoteSwiftPackageReference section */

/* Begin XCSwiftPackageProductDependency section */
		2B70B92528D035450096C854 /* AlamofireImage */ = {
			isa = XCSwiftPackageProductDependency;
			package = 2B70B92428D035450096C854 /* XCRemoteSwiftPackageReference "AlamofireImage" */;
			productName = AlamofireImage;
		};
/* End XCSwiftPackageProductDependency section */

/* Begin XCVersionGroup section */
		2B70B8F828D016220096C854 /* Flix.xcdatamodeld */ = {
			isa = XCVersionGroup;
			children = (
				2B70B8F928D016220096C854 /* Flix.xcdatamodel */,
			);
			currentVersion = 2B70B8F928D016220096C854 /* Flix.xcdatamodel */;
			path = Flix.xcdatamodeld;
			sourceTree = "<group>";
			versionGroupType = wrapper.xcdatamodel;
		};
/* End XCVersionGroup section */
	};
	rootObject = 2B70B8E428D016220096C854 /* Project object */;
}
