// !$*UTF8*$!
{
	archiveVersion = 1;
	classes = {
	};
	objectVersion = 55;
	objects = {

/* Begin PBXBuildFile section */
		2BA95C4E28C83FA8006C4309 /* AppDelegate.swift in Sources */ = {isa = PBXBuildFile; fileRef = 2BA95C4D28C83FA8006C4309 /* AppDelegate.swift */; };
		2BA95C5028C83FA8006C4309 /* SceneDelegate.swift in Sources */ = {isa = PBXBuildFile; fileRef = 2BA95C4F28C83FA8006C4309 /* SceneDelegate.swift */; };
		2BA95C5228C83FA8006C4309 /* ViewController.swift in Sources */ = {isa = PBXBuildFile; fileRef = 2BA95C5128C83FA8006C4309 /* ViewController.swift */; };
		2BA95C5528C83FA8006C4309 /* Main.storyboard in Resources */ = {isa = PBXBuildFile; fileRef = 2BA95C5328C83FA8006C4309 /* Main.storyboard */; };
		2BA95C5828C83FA8006C4309 /* Flix.xcdatamodeld in Sources */ = {isa = PBXBuildFile; fileRef = 2BA95C5628C83FA8006C4309 /* Flix.xcdatamodeld */; };
		2BA95C5A28C83FAF006C4309 /* Assets.xcassets in Resources */ = {isa = PBXBuildFile; fileRef = 2BA95C5928C83FAF006C4309 /* Assets.xcassets */; };
		2BA95C5D28C83FAF006C4309 /* LaunchScreen.storyboard in Resources */ = {isa = PBXBuildFile; fileRef = 2BA95C5B28C83FAF006C4309 /* LaunchScreen.storyboard */; };
		2BA95C6828C83FB0006C4309 /* FlixTests.swift in Sources */ = {isa = PBXBuildFile; fileRef = 2BA95C6728C83FB0006C4309 /* FlixTests.swift */; };
		2BA95C7228C83FB0006C4309 /* FlixUITests.swift in Sources */ = {isa = PBXBuildFile; fileRef = 2BA95C7128C83FB0006C4309 /* FlixUITests.swift */; };
		2BA95C7428C83FB0006C4309 /* FlixUITestsLaunchTests.swift in Sources */ = {isa = PBXBuildFile; fileRef = 2BA95C7328C83FB0006C4309 /* FlixUITestsLaunchTests.swift */; };
/* End PBXBuildFile section */

/* Begin PBXContainerItemProxy section */
		2BA95C6428C83FB0006C4309 /* PBXContainerItemProxy */ = {
			isa = PBXContainerItemProxy;
			containerPortal = 2BA95C4228C83FA7006C4309 /* Project object */;
			proxyType = 1;
			remoteGlobalIDString = 2BA95C4928C83FA8006C4309;
			remoteInfo = Flix;
		};
		2BA95C6E28C83FB0006C4309 /* PBXContainerItemProxy */ = {
			isa = PBXContainerItemProxy;
			containerPortal = 2BA95C4228C83FA7006C4309 /* Project object */;
			proxyType = 1;
			remoteGlobalIDString = 2BA95C4928C83FA8006C4309;
			remoteInfo = Flix;
		};
/* End PBXContainerItemProxy section */

/* Begin PBXFileReference section */
		2BA95C4A28C83FA8006C4309 /* Flix.app */ = {isa = PBXFileReference; explicitFileType = wrapper.application; includeInIndex = 0; path = Flix.app; sourceTree = BUILT_PRODUCTS_DIR; };
		2BA95C4D28C83FA8006C4309 /* AppDelegate.swift */ = {isa = PBXFileReference; lastKnownFileType = sourcecode.swift; path = AppDelegate.swift; sourceTree = "<group>"; };
		2BA95C4F28C83FA8006C4309 /* SceneDelegate.swift */ = {isa = PBXFileReference; lastKnownFileType = sourcecode.swift; path = SceneDelegate.swift; sourceTree = "<group>"; };
		2BA95C5128C83FA8006C4309 /* ViewController.swift */ = {isa = PBXFileReference; lastKnownFileType = sourcecode.swift; path = ViewController.swift; sourceTree = "<group>"; };
		2BA95C5428C83FA8006C4309 /* Base */ = {isa = PBXFileReference; lastKnownFileType = file.storyboard; name = Base; path = Base.lproj/Main.storyboard; sourceTree = "<group>"; };
		2BA95C5728C83FA8006C4309 /* Flix.xcdatamodel */ = {isa = PBXFileReference; lastKnownFileType = wrapper.xcdatamodel; path = Flix.xcdatamodel; sourceTree = "<group>"; };
		2BA95C5928C83FAF006C4309 /* Assets.xcassets */ = {isa = PBXFileReference; lastKnownFileType = folder.assetcatalog; path = Assets.xcassets; sourceTree = "<group>"; };
		2BA95C5C28C83FAF006C4309 /* Base */ = {isa = PBXFileReference; lastKnownFileType = file.storyboard; name = Base; path = Base.lproj/LaunchScreen.storyboard; sourceTree = "<group>"; };
		2BA95C5E28C83FAF006C4309 /* Info.plist */ = {isa = PBXFileReference; lastKnownFileType = text.plist.xml; path = Info.plist; sourceTree = "<group>"; };
		2BA95C6328C83FB0006C4309 /* FlixTests.xctest */ = {isa = PBXFileReference; explicitFileType = wrapper.cfbundle; includeInIndex = 0; path = FlixTests.xctest; sourceTree = BUILT_PRODUCTS_DIR; };
		2BA95C6728C83FB0006C4309 /* FlixTests.swift */ = {isa = PBXFileReference; lastKnownFileType = sourcecode.swift; path = FlixTests.swift; sourceTree = "<group>"; };
		2BA95C6D28C83FB0006C4309 /* FlixUITests.xctest */ = {isa = PBXFileReference; explicitFileType = wrapper.cfbundle; includeInIndex = 0; path = FlixUITests.xctest; sourceTree = BUILT_PRODUCTS_DIR; };
		2BA95C7128C83FB0006C4309 /* FlixUITests.swift */ = {isa = PBXFileReference; lastKnownFileType = sourcecode.swift; path = FlixUITests.swift; sourceTree = "<group>"; };
		2BA95C7328C83FB0006C4309 /* FlixUITestsLaunchTests.swift */ = {isa = PBXFileReference; lastKnownFileType = sourcecode.swift; path = FlixUITestsLaunchTests.swift; sourceTree = "<group>"; };
/* End PBXFileReference section */

/* Begin PBXFrameworksBuildPhase section */
		2BA95C4728C83FA8006C4309 /* Frameworks */ = {
			isa = PBXFrameworksBuildPhase;
			buildActionMask = 2147483647;
			files = (
			);
			runOnlyForDeploymentPostprocessing = 0;
		};
		2BA95C6028C83FB0006C4309 /* Frameworks */ = {
			isa = PBXFrameworksBuildPhase;
			buildActionMask = 2147483647;
			files = (
			);
			runOnlyForDeploymentPostprocessing = 0;
		};
		2BA95C6A28C83FB0006C4309 /* Frameworks */ = {
			isa = PBXFrameworksBuildPhase;
			buildActionMask = 2147483647;
			files = (
			);
			runOnlyForDeploymentPostprocessing = 0;
		};
/* End PBXFrameworksBuildPhase section */

/* Begin PBXGroup section */
		2BA95C4128C83FA7006C4309 = {
			isa = PBXGroup;
			children = (
				2BA95C4C28C83FA8006C4309 /* Flix */,
				2BA95C6628C83FB0006C4309 /* FlixTests */,
				2BA95C7028C83FB0006C4309 /* FlixUITests */,
				2BA95C4B28C83FA8006C4309 /* Products */,
			);
			sourceTree = "<group>";
		};
		2BA95C4B28C83FA8006C4309 /* Products */ = {
			isa = PBXGroup;
			children = (
				2BA95C4A28C83FA8006C4309 /* Flix.app */,
				2BA95C6328C83FB0006C4309 /* FlixTests.xctest */,
				2BA95C6D28C83FB0006C4309 /* FlixUITests.xctest */,
			);
			name = Products;
			sourceTree = "<group>";
		};
		2BA95C4C28C83FA8006C4309 /* Flix */ = {
			isa = PBXGroup;
			children = (
				2BA95C4D28C83FA8006C4309 /* AppDelegate.swift */,
				2BA95C4F28C83FA8006C4309 /* SceneDelegate.swift */,
				2BA95C5128C83FA8006C4309 /* ViewController.swift */,
				2BA95C5328C83FA8006C4309 /* Main.storyboard */,
				2BA95C5928C83FAF006C4309 /* Assets.xcassets */,
				2BA95C5B28C83FAF006C4309 /* LaunchScreen.storyboard */,
				2BA95C5E28C83FAF006C4309 /* Info.plist */,
				2BA95C5628C83FA8006C4309 /* Flix.xcdatamodeld */,
			);
			path = Flix;
			sourceTree = "<group>";
		};
		2BA95C6628C83FB0006C4309 /* FlixTests */ = {
			isa = PBXGroup;
			children = (
				2BA95C6728C83FB0006C4309 /* FlixTests.swift */,
			);
			path = FlixTests;
			sourceTree = "<group>";
		};
		2BA95C7028C83FB0006C4309 /* FlixUITests */ = {
			isa = PBXGroup;
			children = (
				2BA95C7128C83FB0006C4309 /* FlixUITests.swift */,
				2BA95C7328C83FB0006C4309 /* FlixUITestsLaunchTests.swift */,
			);
			path = FlixUITests;
			sourceTree = "<group>";
		};
/* End PBXGroup section */

/* Begin PBXNativeTarget section */
		2BA95C4928C83FA8006C4309 /* Flix */ = {
			isa = PBXNativeTarget;
			buildConfigurationList = 2BA95C7728C83FB0006C4309 /* Build configuration list for PBXNativeTarget "Flix" */;
			buildPhases = (
				2BA95C4628C83FA8006C4309 /* Sources */,
				2BA95C4728C83FA8006C4309 /* Frameworks */,
				2BA95C4828C83FA8006C4309 /* Resources */,
			);
			buildRules = (
			);
			dependencies = (
			);
			name = Flix;
			productName = Flix;
			productReference = 2BA95C4A28C83FA8006C4309 /* Flix.app */;
			productType = "com.apple.product-type.application";
		};
		2BA95C6228C83FB0006C4309 /* FlixTests */ = {
			isa = PBXNativeTarget;
			buildConfigurationList = 2BA95C7A28C83FB0006C4309 /* Build configuration list for PBXNativeTarget "FlixTests" */;
			buildPhases = (
				2BA95C5F28C83FB0006C4309 /* Sources */,
				2BA95C6028C83FB0006C4309 /* Frameworks */,
				2BA95C6128C83FB0006C4309 /* Resources */,
			);
			buildRules = (
			);
			dependencies = (
				2BA95C6528C83FB0006C4309 /* PBXTargetDependency */,
			);
			name = FlixTests;
			productName = FlixTests;
			productReference = 2BA95C6328C83FB0006C4309 /* FlixTests.xctest */;
			productType = "com.apple.product-type.bundle.unit-test";
		};
		2BA95C6C28C83FB0006C4309 /* FlixUITests */ = {
			isa = PBXNativeTarget;
			buildConfigurationList = 2BA95C7D28C83FB0006C4309 /* Build configuration list for PBXNativeTarget "FlixUITests" */;
			buildPhases = (
				2BA95C6928C83FB0006C4309 /* Sources */,
				2BA95C6A28C83FB0006C4309 /* Frameworks */,
				2BA95C6B28C83FB0006C4309 /* Resources */,
			);
			buildRules = (
			);
			dependencies = (
				2BA95C6F28C83FB0006C4309 /* PBXTargetDependency */,
			);
			name = FlixUITests;
			productName = FlixUITests;
			productReference = 2BA95C6D28C83FB0006C4309 /* FlixUITests.xctest */;
			productType = "com.apple.product-type.bundle.ui-testing";
		};
/* End PBXNativeTarget section */

/* Begin PBXProject section */
		2BA95C4228C83FA7006C4309 /* Project object */ = {
			isa = PBXProject;
			attributes = {
				BuildIndependentTargetsInParallel = 1;
				LastSwiftUpdateCheck = 1340;
				LastUpgradeCheck = 1340;
				TargetAttributes = {
					2BA95C4928C83FA8006C4309 = {
						CreatedOnToolsVersion = 13.4.1;
					};
					2BA95C6228C83FB0006C4309 = {
						CreatedOnToolsVersion = 13.4.1;
						TestTargetID = 2BA95C4928C83FA8006C4309;
					};
					2BA95C6C28C83FB0006C4309 = {
						CreatedOnToolsVersion = 13.4.1;
						TestTargetID = 2BA95C4928C83FA8006C4309;
					};
				};
			};
			buildConfigurationList = 2BA95C4528C83FA7006C4309 /* Build configuration list for PBXProject "Flix" */;
			compatibilityVersion = "Xcode 13.0";
			developmentRegion = en;
			hasScannedForEncodings = 0;
			knownRegions = (
				en,
				Base,
			);
			mainGroup = 2BA95C4128C83FA7006C4309;
			productRefGroup = 2BA95C4B28C83FA8006C4309 /* Products */;
			projectDirPath = "";
			projectRoot = "";
			targets = (
				2BA95C4928C83FA8006C4309 /* Flix */,
				2BA95C6228C83FB0006C4309 /* FlixTests */,
				2BA95C6C28C83FB0006C4309 /* FlixUITests */,
			);
		};
/* End PBXProject section */

/* Begin PBXResourcesBuildPhase section */
		2BA95C4828C83FA8006C4309 /* Resources */ = {
			isa = PBXResourcesBuildPhase;
			buildActionMask = 2147483647;
			files = (
				2BA95C5D28C83FAF006C4309 /* LaunchScreen.storyboard in Resources */,
				2BA95C5A28C83FAF006C4309 /* Assets.xcassets in Resources */,
				2BA95C5528C83FA8006C4309 /* Main.storyboard in Resources */,
			);
			runOnlyForDeploymentPostprocessing = 0;
		};
		2BA95C6128C83FB0006C4309 /* Resources */ = {
			isa = PBXResourcesBuildPhase;
			buildActionMask = 2147483647;
			files = (
			);
			runOnlyForDeploymentPostprocessing = 0;
		};
		2BA95C6B28C83FB0006C4309 /* Resources */ = {
			isa = PBXResourcesBuildPhase;
			buildActionMask = 2147483647;
			files = (
			);
			runOnlyForDeploymentPostprocessing = 0;
		};
/* End PBXResourcesBuildPhase section */

/* Begin PBXSourcesBuildPhase section */
		2BA95C4628C83FA8006C4309 /* Sources */ = {
			isa = PBXSourcesBuildPhase;
			buildActionMask = 2147483647;
			files = (
				2BA95C5828C83FA8006C4309 /* Flix.xcdatamodeld in Sources */,
				2BA95C5228C83FA8006C4309 /* ViewController.swift in Sources */,
				2BA95C4E28C83FA8006C4309 /* AppDelegate.swift in Sources */,
				2BA95C5028C83FA8006C4309 /* SceneDelegate.swift in Sources */,
			);
			runOnlyForDeploymentPostprocessing = 0;
		};
		2BA95C5F28C83FB0006C4309 /* Sources */ = {
			isa = PBXSourcesBuildPhase;
			buildActionMask = 2147483647;
			files = (
				2BA95C6828C83FB0006C4309 /* FlixTests.swift in Sources */,
			);
			runOnlyForDeploymentPostprocessing = 0;
		};
		2BA95C6928C83FB0006C4309 /* Sources */ = {
			isa = PBXSourcesBuildPhase;
			buildActionMask = 2147483647;
			files = (
				2BA95C7228C83FB0006C4309 /* FlixUITests.swift in Sources */,
				2BA95C7428C83FB0006C4309 /* FlixUITestsLaunchTests.swift in Sources */,
			);
			runOnlyForDeploymentPostprocessing = 0;
		};
/* End PBXSourcesBuildPhase section */

/* Begin PBXTargetDependency section */
		2BA95C6528C83FB0006C4309 /* PBXTargetDependency */ = {
			isa = PBXTargetDependency;
			target = 2BA95C4928C83FA8006C4309 /* Flix */;
			targetProxy = 2BA95C6428C83FB0006C4309 /* PBXContainerItemProxy */;
		};
		2BA95C6F28C83FB0006C4309 /* PBXTargetDependency */ = {
			isa = PBXTargetDependency;
			target = 2BA95C4928C83FA8006C4309 /* Flix */;
			targetProxy = 2BA95C6E28C83FB0006C4309 /* PBXContainerItemProxy */;
		};
/* End PBXTargetDependency section */

/* Begin PBXVariantGroup section */
		2BA95C5328C83FA8006C4309 /* Main.storyboard */ = {
			isa = PBXVariantGroup;
			children = (
				2BA95C5428C83FA8006C4309 /* Base */,
			);
			name = Main.storyboard;
			sourceTree = "<group>";
		};
		2BA95C5B28C83FAF006C4309 /* LaunchScreen.storyboard */ = {
			isa = PBXVariantGroup;
			children = (
				2BA95C5C28C83FAF006C4309 /* Base */,
			);
			name = LaunchScreen.storyboard;
			sourceTree = "<group>";
		};
/* End PBXVariantGroup section */

/* Begin XCBuildConfiguration section */
		2BA95C7528C83FB0006C4309 /* Debug */ = {
			isa = XCBuildConfiguration;
			buildSettings = {
				ALWAYS_SEARCH_USER_PATHS = NO;
				CLANG_ANALYZER_NONNULL = YES;
				CLANG_ANALYZER_NUMBER_OBJECT_CONVERSION = YES_AGGRESSIVE;
				CLANG_CXX_LANGUAGE_STANDARD = "gnu++17";
				CLANG_ENABLE_MODULES = YES;
				CLANG_ENABLE_OBJC_ARC = YES;
				CLANG_ENABLE_OBJC_WEAK = YES;
				CLANG_WARN_BLOCK_CAPTURE_AUTORELEASING = YES;
				CLANG_WARN_BOOL_CONVERSION = YES;
				CLANG_WARN_COMMA = YES;
				CLANG_WARN_CONSTANT_CONVERSION = YES;
				CLANG_WARN_DEPRECATED_OBJC_IMPLEMENTATIONS = YES;
				CLANG_WARN_DIRECT_OBJC_ISA_USAGE = YES_ERROR;
				CLANG_WARN_DOCUMENTATION_COMMENTS = YES;
				CLANG_WARN_EMPTY_BODY = YES;
				CLANG_WARN_ENUM_CONVERSION = YES;
				CLANG_WARN_INFINITE_RECURSION = YES;
				CLANG_WARN_INT_CONVERSION = YES;
				CLANG_WARN_NON_LITERAL_NULL_CONVERSION = YES;
				CLANG_WARN_OBJC_IMPLICIT_RETAIN_SELF = YES;
				CLANG_WARN_OBJC_LITERAL_CONVERSION = YES;
				CLANG_WARN_OBJC_ROOT_CLASS = YES_ERROR;
				CLANG_WARN_QUOTED_INCLUDE_IN_FRAMEWORK_HEADER = YES;
				CLANG_WARN_RANGE_LOOP_ANALYSIS = YES;
				CLANG_WARN_STRICT_PROTOTYPES = YES;
				CLANG_WARN_SUSPICIOUS_MOVE = YES;
				CLANG_WARN_UNGUARDED_AVAILABILITY = YES_AGGRESSIVE;
				CLANG_WARN_UNREACHABLE_CODE = YES;
				CLANG_WARN__DUPLICATE_METHOD_MATCH = YES;
				COPY_PHASE_STRIP = NO;
				DEBUG_INFORMATION_FORMAT = dwarf;
				ENABLE_STRICT_OBJC_MSGSEND = YES;
				ENABLE_TESTABILITY = YES;
				GCC_C_LANGUAGE_STANDARD = gnu11;
				GCC_DYNAMIC_NO_PIC = NO;
				GCC_NO_COMMON_BLOCKS = YES;
				GCC_OPTIMIZATION_LEVEL = 0;
				GCC_PREPROCESSOR_DEFINITIONS = (
					"DEBUG=1",
					"$(inherited)",
				);
				GCC_WARN_64_TO_32_BIT_CONVERSION = YES;
				GCC_WARN_ABOUT_RETURN_TYPE = YES_ERROR;
				GCC_WARN_UNDECLARED_SELECTOR = YES;
				GCC_WARN_UNINITIALIZED_AUTOS = YES_AGGRESSIVE;
				GCC_WARN_UNUSED_FUNCTION = YES;
				GCC_WARN_UNUSED_VARIABLE = YES;
				IPHONEOS_DEPLOYMENT_TARGET = 15.5;
				MTL_ENABLE_DEBUG_INFO = INCLUDE_SOURCE;
				MTL_FAST_MATH = YES;
				ONLY_ACTIVE_ARCH = YES;
				SDKROOT = iphoneos;
				SWIFT_ACTIVE_COMPILATION_CONDITIONS = DEBUG;
				SWIFT_OPTIMIZATION_LEVEL = "-Onone";
			};
			name = Debug;
		};
		2BA95C7628C83FB0006C4309 /* Release */ = {
			isa = XCBuildConfiguration;
			buildSettings = {
				ALWAYS_SEARCH_USER_PATHS = NO;
				CLANG_ANALYZER_NONNULL = YES;
				CLANG_ANALYZER_NUMBER_OBJECT_CONVERSION = YES_AGGRESSIVE;
				CLANG_CXX_LANGUAGE_STANDARD = "gnu++17";
				CLANG_ENABLE_MODULES = YES;
				CLANG_ENABLE_OBJC_ARC = YES;
				CLANG_ENABLE_OBJC_WEAK = YES;
				CLANG_WARN_BLOCK_CAPTURE_AUTORELEASING = YES;
				CLANG_WARN_BOOL_CONVERSION = YES;
				CLANG_WARN_COMMA = YES;
				CLANG_WARN_CONSTANT_CONVERSION = YES;
				CLANG_WARN_DEPRECATED_OBJC_IMPLEMENTATIONS = YES;
				CLANG_WARN_DIRECT_OBJC_ISA_USAGE = YES_ERROR;
				CLANG_WARN_DOCUMENTATION_COMMENTS = YES;
				CLANG_WARN_EMPTY_BODY = YES;
				CLANG_WARN_ENUM_CONVERSION = YES;
				CLANG_WARN_INFINITE_RECURSION = YES;
				CLANG_WARN_INT_CONVERSION = YES;
				CLANG_WARN_NON_LITERAL_NULL_CONVERSION = YES;
				CLANG_WARN_OBJC_IMPLICIT_RETAIN_SELF = YES;
				CLANG_WARN_OBJC_LITERAL_CONVERSION = YES;
				CLANG_WARN_OBJC_ROOT_CLASS = YES_ERROR;
				CLANG_WARN_QUOTED_INCLUDE_IN_FRAMEWORK_HEADER = YES;
				CLANG_WARN_RANGE_LOOP_ANALYSIS = YES;
				CLANG_WARN_STRICT_PROTOTYPES = YES;
				CLANG_WARN_SUSPICIOUS_MOVE = YES;
				CLANG_WARN_UNGUARDED_AVAILABILITY = YES_AGGRESSIVE;
				CLANG_WARN_UNREACHABLE_CODE = YES;
				CLANG_WARN__DUPLICATE_METHOD_MATCH = YES;
				COPY_PHASE_STRIP = NO;
				DEBUG_INFORMATION_FORMAT = "dwarf-with-dsym";
				ENABLE_NS_ASSERTIONS = NO;
				ENABLE_STRICT_OBJC_MSGSEND = YES;
				GCC_C_LANGUAGE_STANDARD = gnu11;
				GCC_NO_COMMON_BLOCKS = YES;
				GCC_WARN_64_TO_32_BIT_CONVERSION = YES;
				GCC_WARN_ABOUT_RETURN_TYPE = YES_ERROR;
				GCC_WARN_UNDECLARED_SELECTOR = YES;
				GCC_WARN_UNINITIALIZED_AUTOS = YES_AGGRESSIVE;
				GCC_WARN_UNUSED_FUNCTION = YES;
				GCC_WARN_UNUSED_VARIABLE = YES;
				IPHONEOS_DEPLOYMENT_TARGET = 15.5;
				MTL_ENABLE_DEBUG_INFO = NO;
				MTL_FAST_MATH = YES;
				SDKROOT = iphoneos;
				SWIFT_COMPILATION_MODE = wholemodule;
				SWIFT_OPTIMIZATION_LEVEL = "-O";
				VALIDATE_PRODUCT = YES;
			};
			name = Release;
		};
		2BA95C7828C83FB0006C4309 /* Debug */ = {
			isa = XCBuildConfiguration;
			buildSettings = {
				ASSETCATALOG_COMPILER_APPICON_NAME = AppIcon;
				ASSETCATALOG_COMPILER_GLOBAL_ACCENT_COLOR_NAME = AccentColor;
				CODE_SIGN_STYLE = Automatic;
				CURRENT_PROJECT_VERSION = 1;
				DEVELOPMENT_TEAM = 92B8B7PDDJ;
				GENERATE_INFOPLIST_FILE = YES;
				INFOPLIST_FILE = Flix/Info.plist;
				INFOPLIST_KEY_UIApplicationSupportsIndirectInputEvents = YES;
				INFOPLIST_KEY_UILaunchStoryboardName = LaunchScreen;
				INFOPLIST_KEY_UIMainStoryboardFile = Main;
				INFOPLIST_KEY_UISupportedInterfaceOrientations_iPad = "UIInterfaceOrientationPortrait UIInterfaceOrientationPortraitUpsideDown UIInterfaceOrientationLandscapeLeft UIInterfaceOrientationLandscapeRight";
				INFOPLIST_KEY_UISupportedInterfaceOrientations_iPhone = "UIInterfaceOrientationPortrait UIInterfaceOrientationLandscapeLeft UIInterfaceOrientationLandscapeRight";
				LD_RUNPATH_SEARCH_PATHS = (
					"$(inherited)",
					"@executable_path/Frameworks",
				);
				MARKETING_VERSION = 1.0;
				PRODUCT_BUNDLE_IDENTIFIER = com.quanguyendg.Flix;
				PRODUCT_NAME = "$(TARGET_NAME)";
				SWIFT_EMIT_LOC_STRINGS = YES;
				SWIFT_VERSION = 5.0;
				TARGETED_DEVICE_FAMILY = "1,2";
			};
			name = Debug;
		};
		2BA95C7928C83FB0006C4309 /* Release */ = {
			isa = XCBuildConfiguration;
			buildSettings = {
				ASSETCATALOG_COMPILER_APPICON_NAME = AppIcon;
				ASSETCATALOG_COMPILER_GLOBAL_ACCENT_COLOR_NAME = AccentColor;
				CODE_SIGN_STYLE = Automatic;
				CURRENT_PROJECT_VERSION = 1;
				DEVELOPMENT_TEAM = 92B8B7PDDJ;
				GENERATE_INFOPLIST_FILE = YES;
				INFOPLIST_FILE = Flix/Info.plist;
				INFOPLIST_KEY_UIApplicationSupportsIndirectInputEvents = YES;
				INFOPLIST_KEY_UILaunchStoryboardName = LaunchScreen;
				INFOPLIST_KEY_UIMainStoryboardFile = Main;
				INFOPLIST_KEY_UISupportedInterfaceOrientations_iPad = "UIInterfaceOrientationPortrait UIInterfaceOrientationPortraitUpsideDown UIInterfaceOrientationLandscapeLeft UIInterfaceOrientationLandscapeRight";
				INFOPLIST_KEY_UISupportedInterfaceOrientations_iPhone = "UIInterfaceOrientationPortrait UIInterfaceOrientationLandscapeLeft UIInterfaceOrientationLandscapeRight";
				LD_RUNPATH_SEARCH_PATHS = (
					"$(inherited)",
					"@executable_path/Frameworks",
				);
				MARKETING_VERSION = 1.0;
				PRODUCT_BUNDLE_IDENTIFIER = com.quanguyendg.Flix;
				PRODUCT_NAME = "$(TARGET_NAME)";
				SWIFT_EMIT_LOC_STRINGS = YES;
				SWIFT_VERSION = 5.0;
				TARGETED_DEVICE_FAMILY = "1,2";
			};
			name = Release;
		};
		2BA95C7B28C83FB0006C4309 /* Debug */ = {
			isa = XCBuildConfiguration;
			buildSettings = {
				ALWAYS_EMBED_SWIFT_STANDARD_LIBRARIES = YES;
				BUNDLE_LOADER = "$(TEST_HOST)";
				CODE_SIGN_STYLE = Automatic;
				CURRENT_PROJECT_VERSION = 1;
				DEVELOPMENT_TEAM = 92B8B7PDDJ;
				GENERATE_INFOPLIST_FILE = YES;
				IPHONEOS_DEPLOYMENT_TARGET = 15.5;
				MARKETING_VERSION = 1.0;
				PRODUCT_BUNDLE_IDENTIFIER = com.quanguyendg.FlixTests;
				PRODUCT_NAME = "$(TARGET_NAME)";
				SWIFT_EMIT_LOC_STRINGS = NO;
				SWIFT_VERSION = 5.0;
				TARGETED_DEVICE_FAMILY = "1,2";
				TEST_HOST = "$(BUILT_PRODUCTS_DIR)/Flix.app/Flix";
			};
			name = Debug;
		};
		2BA95C7C28C83FB0006C4309 /* Release */ = {
			isa = XCBuildConfiguration;
			buildSettings = {
				ALWAYS_EMBED_SWIFT_STANDARD_LIBRARIES = YES;
				BUNDLE_LOADER = "$(TEST_HOST)";
				CODE_SIGN_STYLE = Automatic;
				CURRENT_PROJECT_VERSION = 1;
				DEVELOPMENT_TEAM = 92B8B7PDDJ;
				GENERATE_INFOPLIST_FILE = YES;
				IPHONEOS_DEPLOYMENT_TARGET = 15.5;
				MARKETING_VERSION = 1.0;
				PRODUCT_BUNDLE_IDENTIFIER = com.quanguyendg.FlixTests;
				PRODUCT_NAME = "$(TARGET_NAME)";
				SWIFT_EMIT_LOC_STRINGS = NO;
				SWIFT_VERSION = 5.0;
				TARGETED_DEVICE_FAMILY = "1,2";
				TEST_HOST = "$(BUILT_PRODUCTS_DIR)/Flix.app/Flix";
			};
			name = Release;
		};
		2BA95C7E28C83FB0006C4309 /* Debug */ = {
			isa = XCBuildConfiguration;
			buildSettings = {
				ALWAYS_EMBED_SWIFT_STANDARD_LIBRARIES = YES;
				CODE_SIGN_STYLE = Automatic;
				CURRENT_PROJECT_VERSION = 1;
				DEVELOPMENT_TEAM = 92B8B7PDDJ;
				GENERATE_INFOPLIST_FILE = YES;
				MARKETING_VERSION = 1.0;
				PRODUCT_BUNDLE_IDENTIFIER = com.quanguyendg.FlixUITests;
				PRODUCT_NAME = "$(TARGET_NAME)";
				SWIFT_EMIT_LOC_STRINGS = NO;
				SWIFT_VERSION = 5.0;
				TARGETED_DEVICE_FAMILY = "1,2";
				TEST_TARGET_NAME = Flix;
			};
			name = Debug;
		};
		2BA95C7F28C83FB0006C4309 /* Release */ = {
			isa = XCBuildConfiguration;
			buildSettings = {
				ALWAYS_EMBED_SWIFT_STANDARD_LIBRARIES = YES;
				CODE_SIGN_STYLE = Automatic;
				CURRENT_PROJECT_VERSION = 1;
				DEVELOPMENT_TEAM = 92B8B7PDDJ;
				GENERATE_INFOPLIST_FILE = YES;
				MARKETING_VERSION = 1.0;
				PRODUCT_BUNDLE_IDENTIFIER = com.quanguyendg.FlixUITests;
				PRODUCT_NAME = "$(TARGET_NAME)";
				SWIFT_EMIT_LOC_STRINGS = NO;
				SWIFT_VERSION = 5.0;
				TARGETED_DEVICE_FAMILY = "1,2";
				TEST_TARGET_NAME = Flix;
			};
			name = Release;
		};
/* End XCBuildConfiguration section */

/* Begin XCConfigurationList section */
		2BA95C4528C83FA7006C4309 /* Build configuration list for PBXProject "Flix" */ = {
			isa = XCConfigurationList;
			buildConfigurations = (
				2BA95C7528C83FB0006C4309 /* Debug */,
				2BA95C7628C83FB0006C4309 /* Release */,
			);
			defaultConfigurationIsVisible = 0;
			defaultConfigurationName = Release;
		};
		2BA95C7728C83FB0006C4309 /* Build configuration list for PBXNativeTarget "Flix" */ = {
			isa = XCConfigurationList;
			buildConfigurations = (
				2BA95C7828C83FB0006C4309 /* Debug */,
				2BA95C7928C83FB0006C4309 /* Release */,
			);
			defaultConfigurationIsVisible = 0;
			defaultConfigurationName = Release;
		};
		2BA95C7A28C83FB0006C4309 /* Build configuration list for PBXNativeTarget "FlixTests" */ = {
			isa = XCConfigurationList;
			buildConfigurations = (
				2BA95C7B28C83FB0006C4309 /* Debug */,
				2BA95C7C28C83FB0006C4309 /* Release */,
			);
			defaultConfigurationIsVisible = 0;
			defaultConfigurationName = Release;
		};
		2BA95C7D28C83FB0006C4309 /* Build configuration list for PBXNativeTarget "FlixUITests" */ = {
			isa = XCConfigurationList;
			buildConfigurations = (
				2BA95C7E28C83FB0006C4309 /* Debug */,
				2BA95C7F28C83FB0006C4309 /* Release */,
			);
			defaultConfigurationIsVisible = 0;
			defaultConfigurationName = Release;
		};
/* End XCConfigurationList section */

/* Begin XCVersionGroup section */
		2BA95C5628C83FA8006C4309 /* Flix.xcdatamodeld */ = {
			isa = XCVersionGroup;
			children = (
				2BA95C5728C83FA8006C4309 /* Flix.xcdatamodel */,
			);
			currentVersion = 2BA95C5728C83FA8006C4309 /* Flix.xcdatamodel */;
			path = Flix.xcdatamodeld;
			sourceTree = "<group>";
			versionGroupType = wrapper.xcdatamodel;
		};
/* End XCVersionGroup section */
	};
	rootObject = 2BA95C4228C83FA7006C4309 /* Project object */;
}
